
Microsoft Visual Studio Solution File, Format Version 12.00
# Visual Studio Version 17
VisualStudioVersion = 17.1.32421.90
MinimumVisualStudioVersion = 10.0.40219.1
Project("{FAE04EC0-301F-11D3-BF4B-00C04F79EFBC}") = "CarrinhoBackEnd", "CarrinhoBackEnd\CarrinhoBackEnd.csproj", "{CFAA4179-F808-484A-82BA-EF50AA3ABD25}"
EndProject
Global
	GlobalSection(SolutionConfigurationPlatforms) = preSolution
		Debug|Any CPU = Debug|Any CPU
		Release|Any CPU = Release|Any CPU
	EndGlobalSection
	GlobalSection(ProjectConfigurationPlatforms) = postSolution
		{CFAA4179-F808-484A-82BA-EF50AA3ABD25}.Debug|Any CPU.ActiveCfg = Debug|Any CPU
		{CFAA4179-F808-484A-82BA-EF50AA3ABD25}.Debug|Any CPU.Build.0 = Debug|Any CPU
		{CFAA4179-F808-484A-82BA-EF50AA3ABD25}.Release|Any CPU.ActiveCfg = Release|Any CPU
		{CFAA4179-F808-484A-82BA-EF50AA3ABD25}.Release|Any CPU.Build.0 = Release|Any CPU
	EndGlobalSection
	GlobalSection(SolutionProperties) = preSolution
		HideSolutionNode = FALSE
	EndGlobalSection
	GlobalSection(ExtensibilityGlobals) = postSolution
		SolutionGuid = {35B17D13-8FAD-490F-92FF-33D5F3D20196}
	EndGlobalSection
EndGlobal
